{
  "items": {
    "assume": {
      "dir": "assume",
      "url": "https://github.com/disruptek/assume",
      "commit": "ebed5f2b726134400a4aca489d39e54a2e6dcd95"
    },
    "ws": {
      "dir": "ws",
      "url": "https://github.com/treeform/ws",
      "commit": "5ac521b72d7d4860fb394e5e1f9f08cf480e9822"
    },
    "urlly": {
      "dir": "urlly",
      "url": "https://github.com/treeform/urlly",
      "commit": "99784779f05649df25fd9c33003d8ef6de027345"
    },
    "pixie": {
      "dir": "pixie",
      "url": "https://github.com/treeform/pixie",
      "commit": "523b364fcaa288d23ecb3f34c795da97d3637117"
    },
    "print": {
      "dir": "print",
      "url": "https://github.com/treeform/print",
      "commit": "159e540f0686efdd1c8f30ad7b4225a6aa2a5ab9"
    },
    "macroutils": {
      "dir": "macroutils",
      "url": "https://github.com/PMunch/macroutils",
      "commit": "4f178a21e57cb842f112a965d25cda93ac4d68e5"
    },
    "bumpy": {
      "dir": "bumpy",
      "url": "https://github.com/treeform/bumpy",
      "commit": "e6237d8a307fe27a4c9ceb74ba2ab8b80949b026"
    },
    "vmath": {
      "dir": "vmath",
      "url": "https://github.com/treeform/vmath",
      "commit": "7282ae1247f2f384ebeaec3826d7fa38fd0e1df1"
    },
    "crunchy": {
      "dir": "crunchy",
      "url": "https://github.com/guzba/crunchy",
      "commit": "d0c9ad33ae72aece49093d7688fc78a7101aa4b0"
    },
    "nimsimd": {
      "dir": "nimsimd",
      "url": "https://github.com/guzba/nimsimd",
      "commit": "1d75f15c8bb8df9c1d4779072bbfc8a7e3e84c98"
    },
    "flatty": {
      "dir": "flatty",
      "url": "https://github.com/treeform/flatty",
      "commit": "07f6ba8ab96238e5bd1264cf0cea1d1746abb00c"
    },
    "zippy": {
      "dir": "zippy",
      "url": "https://github.com/guzba/zippy",
      "commit": "a3fd6f0458ffdd7cbbd416be99f2ca80a7852d82"
    },
    "chroma": {
      "dir": "chroma",
      "url": "https://github.com/treeform/chroma",
      "commit": "b2e71179174e040884ebf6a16cbac711c84620b9"
    },
    "micros": {
      "dir": "micros",
      "url": "https://github.com/beef331/micros",
      "commit": "6791af3cacfdf1c098dc404376b09865c1a1d2cc"
    },
    "nim-stack-strings": {
      "dir": "nim-stack-strings",
      "url": "https://github.com/termermc/nim-stack-strings",
      "commit": "98df4cefe32fc55cf02ca3895252b1951f16dfd5"
    },
    "msgpack4nim": {
      "dir": "msgpack4nim",
      "url": "https://github.com/jangko/msgpack4nim",
      "commit": "f4cc097ca9694f17feced9f82994f583ef7911fe"
    },
    "nimscripter": {
      "dir": "nimscripter",
      "url": "https://github.com/beef331/nimscripter",
      "commit": "70926d2e383d3d239605573935468efcb470b7b1"
    },
    "threading": {
      "dir": "threading",
      "url": "https://github.com/nim-lang/threading",
      "commit": "ba2aef9cc333774680b95a999d04ebb4709fc17a"
    },
    "windy.elcritch.github.com": {
      "dir": "windy.elcritch.github.com",
      "url": "https://github.com/elcritch/windy",
      "commit": "89a9d2d14c0c203bed696097f1ceac02cac6b4c0"
    },
    "asynctools": {
      "dir": "asynctools",
      "url": "https://github.com/cheatfate/asynctools",
      "commit": "a1a17d06713727d97810cad291e29dd7c672738f"
    },
    "cdecl": {
      "dir": "cdecl",
      "url": "https://github.com/elcritch/cdecl",
      "commit": "45e5fb28a5d6c03c2e9892b1d024b1c3689ae56a"
    },
    "patty": {
      "dir": "patty",
      "url": "https://github.com/andreaferretti/patty",
      "commit": "31bb61b990b8b3bae1cba2f353fb978448942318"
    },
    "opengl": {
      "dir": "opengl",
      "url": "https://github.com/nim-lang/opengl",
      "commit": "a6fb649e5bd94d8420d4a11287092a4dc3e922b4"
    },
    "variant": {
      "dir": "variant",
      "url": "https://github.com/yglukhov/variant",
      "commit": "4934aa62d135eeda49fdb3967ffe8116811ef904"
    },
    "supersnappy": {
      "dir": "supersnappy",
      "url": "https://github.com/guzba/supersnappy",
      "commit": "9d019a184b59dcb7aaa479cb0603f4f3464a0bc3"
    },
    "pretty": {
      "dir": "pretty",
      "url": "https://github.com/treeform/pretty",
      "commit": "a792f139dbb756288a87e77a5043725390665931"
    },
    "cssgrid": {
      "dir": "cssgrid",
      "url": "https://github.com/elcritch/cssgrid",
      "commit": "ace74ae7000060ef10898cb94691ab8e929fc39b"
    }
  },
  "hostOS": "macosx",
  "hostCPU": "arm64",
  "nimVersion": "2.0.0 a488067a4130f029000be4550a0fb1b39e0e9e7c",
  "gccVersion": "",
  "clangVersion": ""
}