{
  "packages": {
    "assume": {
      "version": "0.7.2",
      "vcsRevision": "ebed5f2b726134400a4aca489d39e54a2e6dcd95",
      "url": "https://github.com/disruptek/assume",
      "downloadMethod": "git",
      "dependencies": [],
      "checksums": {
        "sha1": "2123f41ed45a26473a62bd522dc4fa851a824389"
      }
    },
    "ws": {
      "version": "0.5.0",
      "vcsRevision": "5ac521b72d7d4860fb394e5e1f9f08cf480e9822",
      "url": "https://github.com/treeform/ws",
      "downloadMethod": "git",
      "dependencies": [],
      "checksums": {
        "sha1": "fc2387f52ce71066276df07c72cd21b510bcdb30"
      }
    },
    "urlly": {
      "version": "1.1.1",
      "vcsRevision": "99784779f05649df25fd9c33003d8ef6de027345",
      "url": "https://github.com/treeform/urlly",
      "downloadMethod": "git",
      "dependencies": [],
      "checksums": {
        "sha1": "d5ef2f90c515e597a470d14b80177a434e2fb9d2"
      }
    },
    "pixie": {
      "version": "5.0.6",
      "vcsRevision": "523b364fcaa288d23ecb3f34c795da97d3637117",
      "url": "https://github.com/treeform/pixie",
      "downloadMethod": "git",
      "dependencies": [
        "zippy",
        "flatty",
        "nimsimd",
        "crunchy",
        "chroma"
      ],
      "checksums": {
        "sha1": "3c479da133f14626f5703d3a6d8949f84aef5087"
      }
    },
    "print": {
      "version": "1.0.2",
      "vcsRevision": "159e540f0686efdd1c8f30ad7b4225a6aa2a5ab9",
      "url": "https://github.com/treeform/print",
      "downloadMethod": "git",
      "dependencies": [],
      "checksums": {
        "sha1": "98bf8a86fb9613e107b97929ab041d146060f96d"
      }
    },
    "macroutils": {
      "version": "1.1.0",
      "vcsRevision": "4f178a21e57cb842f112a965d25cda93ac4d68e5",
      "url": "https://github.com/PMunch/macroutils",
      "downloadMethod": "git",
      "dependencies": [],
      "checksums": {
        "sha1": "46f7aefbe2381668a8cf270b8c858fa99a3cd8e5"
      }
    },
    "bumpy": {
      "version": "1.1.2",
      "vcsRevision": "e6237d8a307fe27a4c9ceb74ba2ab8b80949b026",
      "url": "https://github.com/treeform/bumpy",
      "downloadMethod": "git",
      "dependencies": [],
      "checksums": {
        "sha1": "bd501817c8f06fd376b4b14215a3edf3165d00af"
      }
    },
    "vmath": {
      "version": "2.0.0",
      "vcsRevision": "7282ae1247f2f384ebeaec3826d7fa38fd0e1df1",
      "url": "https://github.com/treeform/vmath",
      "downloadMethod": "git",
      "dependencies": [],
      "checksums": {
        "sha1": "c90a664f3425d26219e1262ed9a888b859b3127c"
      }
    },
    "crunchy": {
      "version": "0.1.9",
      "vcsRevision": "d0c9ad33ae72aece49093d7688fc78a7101aa4b0",
      "url": "https://github.com/guzba/crunchy",
      "downloadMethod": "git",
      "dependencies": [
        "nimsimd"
      ],
      "checksums": {
        "sha1": "3afda170fbe40158cd78e00375e34690f1fae263"
      }
    },
    "nimsimd": {
      "version": "1.2.5",
      "vcsRevision": "1d75f15c8bb8df9c1d4779072bbfc8a7e3e84c98",
      "url": "https://github.com/guzba/nimsimd",
      "downloadMethod": "git",
      "dependencies": [],
      "checksums": {
        "sha1": "9f919415ad69edb599c3362b0cc0fe0b044097c9"
      }
    },
    "flatty": {
      "version": "0.3.4",
      "vcsRevision": "07f6ba8ab96238e5bd1264cf0cea1d1746abb00c",
      "url": "https://github.com/treeform/flatty",
      "downloadMethod": "git",
      "dependencies": [],
      "checksums": {
        "sha1": "5775e6ea6ca339efc5bd37b082b8294342d49dc5"
      }
    },
    "zippy": {
      "version": "0.10.10",
      "vcsRevision": "a3fd6f0458ffdd7cbbd416be99f2ca80a7852d82",
      "url": "https://github.com/guzba/zippy",
      "downloadMethod": "git",
      "dependencies": [],
      "checksums": {
        "sha1": "f32aa1f7795b1ff0d890ad165cd56091bf6f32d0"
      }
    },
    "chroma": {
      "version": "0.2.7",
      "vcsRevision": "b2e71179174e040884ebf6a16cbac711c84620b9",
      "url": "https://github.com/treeform/chroma",
      "downloadMethod": "git",
      "dependencies": [],
      "checksums": {
        "sha1": "f873f4b97e87a82e27e0b85bf9130fe3e320a2b8"
      }
    },
    "msgpack4nim": {
      "version": "0.4.4",
      "vcsRevision": "f4cc097ca9694f17feced9f82994f583ef7911fe",
      "url": "https://github.com/jangko/msgpack4nim",
      "downloadMethod": "git",
      "dependencies": [],
      "checksums": {
        "sha1": "af47afd90e9523ea360f7c9bc0aa6b5f6bcaf786"
      }
    },
    "nimscripter": {
      "version": "1.1.2",
      "vcsRevision": "70897c85805ac4765e2f8290c01261ff5b8d8118",
      "url": "https://github.com/beef331/nimscripter",
      "downloadMethod": "git",
      "dependencies": [
        "assume"
      ],
      "checksums": {
        "sha1": "ca71466fb5011353751773c8d7b0d1a67818bbe9"
      }
    },
    "threading": {
      "version": "0.1.0",
      "vcsRevision": "ba2aef9cc333774680b95a999d04ebb4709fc17a",
      "url": "https://github.com/nim-lang/threading",
      "downloadMethod": "git",
      "dependencies": [],
      "checksums": {
        "sha1": "26326c9485f4ec81278fbce1603f9ac2a4d623fd"
      }
    },
    "windy": {
      "version": "0.0.0",
      "vcsRevision": "89a9d2d14c0c203bed696097f1ceac02cac6b4c0",
      "url": "https://github.com/treeform/windy",
      "downloadMethod": "git",
      "dependencies": [
        "urlly",
        "pixie",
        "opengl",
        "ws"
      ],
      "checksums": {
        "sha1": "8e58900d728a0f2132030ba937b678ccf504e5e5"
      }
    },
    "asynctools": {
      "version": "0.1.1",
      "vcsRevision": "a1a17d06713727d97810cad291e29dd7c672738f",
      "url": "https://github.com/cheatfate/asynctools",
      "downloadMethod": "git",
      "dependencies": [],
      "checksums": {
        "sha1": "3f7096335282f45ebab49b939b20a1ed52cdec31"
      }
    },
    "cdecl": {
      "version": "0.7.5",
      "vcsRevision": "45e5fb28a5d6c03c2e9892b1d024b1c3689ae56a",
      "url": "https://github.com/elcritch/cdecl",
      "downloadMethod": "git",
      "dependencies": [],
      "checksums": {
        "sha1": "2459be326109a5402e0ca7f3dcef378bba521b31"
      }
    },
    "patty": {
      "version": "0.3.5",
      "vcsRevision": "31bb61b990b8b3bae1cba2f353fb978448942318",
      "url": "https://github.com/andreaferretti/patty",
      "downloadMethod": "git",
      "dependencies": [],
      "checksums": {
        "sha1": "6bc181924709c8a2d06b1459a31e73eb42cf1283"
      }
    },
    "opengl": {
      "version": "1.2.6",
      "vcsRevision": "a6fb649e5bd94d8420d4a11287092a4dc3e922b4",
      "url": "https://github.com/nim-lang/opengl",
      "downloadMethod": "git",
      "dependencies": [],
      "checksums": {
        "sha1": "c937a8877b92a45bd3db6d8dea1af40f248c9e4e"
      }
    },
    "variant": {
      "version": "0.2.13",
      "vcsRevision": "4934aa62d135eeda49fdb3967ffe8116811ef904",
      "url": "https://github.com/yglukhov/variant",
      "downloadMethod": "git",
      "dependencies": [],
      "checksums": {
        "sha1": "c3cd26970a754280634b6b5f7bfddae17eb22395"
      }
    },
    "typography": {
      "version": "0.7.14",
      "vcsRevision": "a2a5165c36e0098dea526712890fb7e988ba27f2",
      "url": "https://github.com/treeform/typography",
      "downloadMethod": "git",
      "dependencies": [
        "print"
      ],
      "checksums": {
        "sha1": "d6f6e69141b1f62fef42ea2f90eefb894399d4f8"
      }
    },
    "supersnappy": {
      "version": "2.1.3",
      "vcsRevision": "9d019a184b59dcb7aaa479cb0603f4f3464a0bc3",
      "url": "https://github.com/guzba/supersnappy",
      "downloadMethod": "git",
      "dependencies": [],
      "checksums": {
        "sha1": "fd35edf1c05173806107f176cc955d2f27318d54"
      }
    },
    "pretty": {
      "version": "0.1.0",
      "vcsRevision": "a792f139dbb756288a87e77a5043725390665931",
      "url": "https://github.com/treeform/pretty",
      "downloadMethod": "git",
      "dependencies": [],
      "checksums": {
        "sha1": "b4435d1de46a86cea5dad7c1307bfa6f045c7381"
      }
    },
    "cssgrid": {
      "version": "0.2.10",
      "vcsRevision": "ecb4be9bcff2d73ff613f078df700268696dbcb3",
      "url": "https://github.com/elcritch/cssgrid",
      "downloadMethod": "git",
      "dependencies": [
        "vmath",
        "bumpy",
        "patty",
        "macroutils",
        "cdecl"
      ],
      "checksums": {
        "sha1": "1da628688259ddeea15df956c61c7f91a22755f7"
      }
    }
  },
  "version": 1
}